// !$*UTF8*$!
{
	archiveVersion = 1;
	classes = {
	};
	objectVersion = 50;
	objects = {

/* Begin PBXBuildFile section */
		71DAFE14230AA071007C68D6 /* AppDelegate.m in Sources */ = {isa = PBXBuildFile; fileRef = 71DAFE13230AA071007C68D6 /* AppDelegate.m */; };
		71DAFE17230AA071007C68D6 /* ViewController.m in Sources */ = {isa = PBXBuildFile; fileRef = 71DAFE16230AA071007C68D6 /* ViewController.m */; };
		71DAFE1A230AA071007C68D6 /* Main.storyboard in Resources */ = {isa = PBXBuildFile; fileRef = 71DAFE18230AA071007C68D6 /* Main.storyboard */; };
		71DAFE1C230AA073007C68D6 /* Assets.xcassets in Resources */ = {isa = PBXBuildFile; fileRef = 71DAFE1B230AA073007C68D6 /* Assets.xcassets */; };
		71DAFE1F230AA073007C68D6 /* LaunchScreen.storyboard in Resources */ = {isa = PBXBuildFile; fileRef = 71DAFE1D230AA073007C68D6 /* LaunchScreen.storyboard */; };
		71DAFE22230AA073007C68D6 /* main.m in Sources */ = {isa = PBXBuildFile; fileRef = 71DAFE21230AA073007C68D6 /* main.m */; };
		71DAFE2A230AA0AE007C68D6 /* MCBlock.m in Sources */ = {isa = PBXBuildFile; fileRef = 71DAFE29230AA0AE007C68D6 /* MCBlock.m */; };
/* End PBXBuildFile section */

/* Begin PBXFileReference section */
		71DAFE0F230AA071007C68D6 /* Block截获变量.app */ = {isa = PBXFileReference; explicitFileType = wrapper.application; includeInIndex = 0; path = "Block截获变量.app"; sourceTree = BUILT_PRODUCTS_DIR; };
		71DAFE12230AA071007C68D6 /* AppDelegate.h */ = {isa = PBXFileReference; lastKnownFileType = sourcecode.c.h; path = AppDelegate.h; sourceTree = "<group>"; };
		71DAFE13230AA071007C68D6 /* AppDelegate.m */ = {isa = PBXFileReference; lastKnownFileType = sourcecode.c.objc; path = AppDelegate.m; sourceTree = "<group>"; };
		71DAFE15230AA071007C68D6 /* ViewController.h */ = {isa = PBXFileReference; lastKnownFileType = sourcecode.c.h; path = ViewController.h; sourceTree = "<group>"; };
		71DAFE16230AA071007C68D6 /* ViewController.m */ = {isa = PBXFileReference; lastKnownFileType = sourcecode.c.objc; path = ViewController.m; sourceTree = "<group>"; };
		71DAFE19230AA071007C68D6 /* Base */ = {isa = PBXFileReference; lastKnownFileType = file.storyboard; name = Base; path = Base.lproj/Main.storyboard; sourceTree = "<group>"; };
		71DAFE1B230AA073007C68D6 /* Assets.xcassets */ = {isa = PBXFileReference; lastKnownFileType = folder.assetcatalog; path = Assets.xcassets; sourceTree = "<group>"; };
		71DAFE1E230AA073007C68D6 /* Base */ = {isa = PBXFileReference; lastKnownFileType = file.storyboard; name = Base; path = Base.lproj/LaunchScreen.storyboard; sourceTree = "<group>"; };
		71DAFE20230AA073007C68D6 /* Info.plist */ = {isa = PBXFileReference; lastKnownFileType = text.plist.xml; path = Info.plist; sourceTree = "<group>"; };
		71DAFE21230AA073007C68D6 /* main.m */ = {isa = PBXFileReference; lastKnownFileType = sourcecode.c.objc; path = main.m; sourceTree = "<group>"; };
		71DAFE28230AA0AE007C68D6 /* MCBlock.h */ = {isa = PBXFileReference; lastKnownFileType = sourcecode.c.h; path = MCBlock.h; sourceTree = "<group>"; };
		71DAFE29230AA0AE007C68D6 /* MCBlock.m */ = {isa = PBXFileReference; lastKnownFileType = sourcecode.c.objc; path = MCBlock.m; sourceTree = "<group>"; };
/* End PBXFileReference section */

/* Begin PBXFrameworksBuildPhase section */
		71DAFE0C230AA071007C68D6 /* Frameworks */ = {
			isa = PBXFrameworksBuildPhase;
			buildActionMask = 2147483647;
			files = (
			);
			runOnlyForDeploymentPostprocessing = 0;
		};
/* End PBXFrameworksBuildPhase section */

/* Begin PBXGroup section */
		71DAFE06230AA071007C68D6 = {
			isa = PBXGroup;
			children = (
				71DAFE11230AA071007C68D6 /* Block截获变量 */,
				71DAFE10230AA071007C68D6 /* Products */,
			);
			sourceTree = "<group>";
		};
		71DAFE10230AA071007C68D6 /* Products */ = {
			isa = PBXGroup;
			children = (
				71DAFE0F230AA071007C68D6 /* Block截获变量.app */,
			);
			name = Products;
			sourceTree = "<group>";
		};
		71DAFE11230AA071007C68D6 /* Block截获变量 */ = {
			isa = PBXGroup;
			children = (
				71DAFE12230AA071007C68D6 /* AppDelegate.h */,
				71DAFE13230AA071007C68D6 /* AppDelegate.m */,
				71DAFE15230AA071007C68D6 /* ViewController.h */,
				71DAFE16230AA071007C68D6 /* ViewController.m */,
				71DAFE28230AA0AE007C68D6 /* MCBlock.h */,
				71DAFE29230AA0AE007C68D6 /* MCBlock.m */,
				71DAFE18230AA071007C68D6 /* Main.storyboard */,
				71DAFE1B230AA073007C68D6 /* Assets.xcassets */,
				71DAFE1D230AA073007C68D6 /* LaunchScreen.storyboard */,
				71DAFE20230AA073007C68D6 /* Info.plist */,
				71DAFE21230AA073007C68D6 /* main.m */,
			);
			path = "Block截获变量";
			sourceTree = "<group>";
		};
/* End PBXGroup section */

/* Begin PBXNativeTarget section */
		71DAFE0E230AA071007C68D6 /* Block截获变量 */ = {
			isa = PBXNativeTarget;
			buildConfigurationList = 71DAFE25230AA073007C68D6 /* Build configuration list for PBXNativeTarget "Block截获变量" */;
			buildPhases = (
				71DAFE0B230AA071007C68D6 /* Sources */,
				71DAFE0C230AA071007C68D6 /* Frameworks */,
				71DAFE0D230AA071007C68D6 /* Resources */,
			);
			buildRules = (
			);
			dependencies = (
			);
			name = "Block截获变量";
			productName = "Block截获变量";
			productReference = 71DAFE0F230AA071007C68D6 /* Block截获变量.app */;
			productType = "com.apple.product-type.application";
		};
/* End PBXNativeTarget section */

/* Begin PBXProject section */
		71DAFE07230AA071007C68D6 /* Project object */ = {
			isa = PBXProject;
			attributes = {
				LastUpgradeCheck = 1020;
				ORGANIZATIONNAME = centanet;
				TargetAttributes = {
					71DAFE0E230AA071007C68D6 = {
						CreatedOnToolsVersion = 10.2;
					};
				};
			};
			buildConfigurationList = 71DAFE0A230AA071007C68D6 /* Build configuration list for PBXProject "Block截获变量" */;
			compatibilityVersion = "Xcode 9.3";
			developmentRegion = en;
			hasScannedForEncodings = 0;
			knownRegions = (
				en,
				Base,
			);
			mainGroup = 71DAFE06230AA071007C68D6;
			productRefGroup = 71DAFE10230AA071007C68D6 /* Products */;
			projectDirPath = "";
			projectRoot = "";
			targets = (
				71DAFE0E230AA071007C68D6 /* Block截获变量 */,
			);
		};
/* End PBXProject section */

/* Begin PBXResourcesBuildPhase section */
		71DAFE0D230AA071007C68D6 /* Resources */ = {
			isa = PBXResourcesBuildPhase;
			buildActionMask = 2147483647;
			files = (
				71DAFE1F230AA073007C68D6 /* LaunchScreen.storyboard in Resources */,
				71DAFE1C230AA073007C68D6 /* Assets.xcassets in Resources */,
				71DAFE1A230AA071007C68D6 /* Main.storyboard in Resources */,
			);
			runOnlyForDeploymentPostprocessing = 0;
		};
/* End PBXResourcesBuildPhase section */

/* Begin PBXSourcesBuildPhase section */
		71DAFE0B230AA071007C68D6 /* Sources */ = {
			isa = PBXSourcesBuildPhase;
			buildActionMask = 2147483647;
			files = (
				71DAFE17230AA071007C68D6 /* ViewController.m in Sources */,
				71DAFE22230AA073007C68D6 /* main.m in Sources */,
				71DAFE14230AA071007C68D6 /* AppDelegate.m in Sources */,
				71DAFE2A230AA0AE007C68D6 /* MCBlock.m in Sources */,
			);
			runOnlyForDeploymentPostprocessing = 0;
		};
/* End PBXSourcesBuildPhase section */

/* Begin PBXVariantGroup section */
		71DAFE18230AA071007C68D6 /* Main.storyboard */ = {
			isa = PBXVariantGroup;
			children = (
				71DAFE19230AA071007C68D6 /* Base */,
			);
			name = Main.storyboard;
			sourceTree = "<group>";
		};
		71DAFE1D230AA073007C68D6 /* LaunchScreen.storyboard */ = {
			isa = PBXVariantGroup;
			children = (
				71DAFE1E230AA073007C68D6 /* Base */,
			);
			name = LaunchScreen.storyboard;
			sourceTree = "<group>";
		};
/* End PBXVariantGroup section */

/* Begin XCBuildConfiguration section */
		71DAFE23230AA073007C68D6 /* Debug */ = {
			isa = XCBuildConfiguration;
			buildSettings = {
				ALWAYS_SEARCH_USER_PATHS = NO;
				CLANG_ANALYZER_NONNULL = YES;
				CLANG_ANALYZER_NUMBER_OBJECT_CONVERSION = YES_AGGRESSIVE;
				CLANG_CXX_LANGUAGE_STANDARD = "gnu++14";
				CLANG_CXX_LIBRARY = "libc++";
				CLANG_ENABLE_MODULES = YES;
				CLANG_ENABLE_OBJC_ARC = YES;
				CLANG_ENABLE_OBJC_WEAK = YES;
				CLANG_WARN_BLOCK_CAPTURE_AUTORELEASING = YES;
				CLANG_WARN_BOOL_CONVERSION = YES;
				CLANG_WARN_COMMA = YES;
				CLANG_WARN_CONSTANT_CONVERSION = YES;
				CLANG_WARN_DEPRECATED_OBJC_IMPLEMENTATIONS = YES;
				CLANG_WARN_DIRECT_OBJC_ISA_USAGE = YES_ERROR;
				CLANG_WARN_DOCUMENTATION_COMMENTS = YES;
				CLANG_WARN_EMPTY_BODY = YES;
				CLANG_WARN_ENUM_CONVERSION = YES;
				CLANG_WARN_INFINITE_RECURSION = YES;
				CLANG_WARN_INT_CONVERSION = YES;
				CLANG_WARN_NON_LITERAL_NULL_CONVERSION = YES;
				CLANG_WARN_OBJC_IMPLICIT_RETAIN_SELF = YES;
				CLANG_WARN_OBJC_LITERAL_CONVERSION = YES;
				CLANG_WARN_OBJC_ROOT_CLASS = YES_ERROR;
				CLANG_WARN_RANGE_LOOP_ANALYSIS = YES;
				CLANG_WARN_STRICT_PROTOTYPES = YES;
				CLANG_WARN_SUSPICIOUS_MOVE = YES;
				CLANG_WARN_UNGUARDED_AVAILABILITY = YES_AGGRESSIVE;
				CLANG_WARN_UNREACHABLE_CODE = YES;
				CLANG_WARN__DUPLICATE_METHOD_MATCH = YES;
				CODE_SIGN_IDENTITY = "iPhone Developer";
				COPY_PHASE_STRIP = NO;
				DEBUG_INFORMATION_FORMAT = dwarf;
				ENABLE_STRICT_OBJC_MSGSEND = YES;
				ENABLE_TESTABILITY = YES;
				GCC_C_LANGUAGE_STANDARD = gnu11;
				GCC_DYNAMIC_NO_PIC = NO;
				GCC_NO_COMMON_BLOCKS = YES;
				GCC_OPTIMIZATION_LEVEL = 0;
				GCC_PREPROCESSOR_DEFINITIONS = (
					"DEBUG=1",
					"$(inherited)",
				);
				GCC_WARN_64_TO_32_BIT_CONVERSION = YES;
				GCC_WARN_ABOUT_RETURN_TYPE = YES_ERROR;
				GCC_WARN_UNDECLARED_SELECTOR = YES;
				GCC_WARN_UNINITIALIZED_AUTOS = YES_AGGRESSIVE;
				GCC_WARN_UNUSED_FUNCTION = YES;
				GCC_WARN_UNUSED_VARIABLE = YES;
				IPHONEOS_DEPLOYMENT_TARGET = 12.2;
				MTL_ENABLE_DEBUG_INFO = INCLUDE_SOURCE;
				MTL_FAST_MATH = YES;
				ONLY_ACTIVE_ARCH = YES;
				SDKROOT = iphoneos;
			};
			name = Debug;
		};
		71DAFE24230AA073007C68D6 /* Release */ = {
			isa = XCBuildConfiguration;
			buildSettings = {
				ALWAYS_SEARCH_USER_PATHS = NO;
				CLANG_ANALYZER_NONNULL = YES;
				CLANG_ANALYZER_NUMBER_OBJECT_CONVERSION = YES_AGGRESSIVE;
				CLANG_CXX_LANGUAGE_STANDARD = "gnu++14";
				CLANG_CXX_LIBRARY = "libc++";
				CLANG_ENABLE_MODULES = YES;
				CLANG_ENABLE_OBJC_ARC = YES;
				CLANG_ENABLE_OBJC_WEAK = YES;
				CLANG_WARN_BLOCK_CAPTURE_AUTORELEASING = YES;
				CLANG_WARN_BOOL_CONVERSION = YES;
				CLANG_WARN_COMMA = YES;
				CLANG_WARN_CONSTANT_CONVERSION = YES;
				CLANG_WARN_DEPRECATED_OBJC_IMPLEMENTATIONS = YES;
				CLANG_WARN_DIRECT_OBJC_ISA_USAGE = YES_ERROR;
				CLANG_WARN_DOCUMENTATION_COMMENTS = YES;
				CLANG_WARN_EMPTY_BODY = YES;
				CLANG_WARN_ENUM_CONVERSION = YES;
				CLANG_WARN_INFINITE_RECURSION = YES;
				CLANG_WARN_INT_CONVERSION = YES;
				CLANG_WARN_NON_LITERAL_NULL_CONVERSION = YES;
				CLANG_WARN_OBJC_IMPLICIT_RETAIN_SELF = YES;
				CLANG_WARN_OBJC_LITERAL_CONVERSION = YES;
				CLANG_WARN_OBJC_ROOT_CLASS = YES_ERROR;
				CLANG_WARN_RANGE_LOOP_ANALYSIS = YES;
				CLANG_WARN_STRICT_PROTOTYPES = YES;
				CLANG_WARN_SUSPICIOUS_MOVE = YES;
				CLANG_WARN_UNGUARDED_AVAILABILITY = YES_AGGRESSIVE;
				CLANG_WARN_UNREACHABLE_CODE = YES;
				CLANG_WARN__DUPLICATE_METHOD_MATCH = YES;
				CODE_SIGN_IDENTITY = "iPhone Developer";
				COPY_PHASE_STRIP = NO;
				DEBUG_INFORMATION_FORMAT = "dwarf-with-dsym";
				ENABLE_NS_ASSERTIONS = NO;
				ENABLE_STRICT_OBJC_MSGSEND = YES;
				GCC_C_LANGUAGE_STANDARD = gnu11;
				GCC_NO_COMMON_BLOCKS = YES;
				GCC_WARN_64_TO_32_BIT_CONVERSION = YES;
				GCC_WARN_ABOUT_RETURN_TYPE = YES_ERROR;
				GCC_WARN_UNDECLARED_SELECTOR = YES;
				GCC_WARN_UNINITIALIZED_AUTOS = YES_AGGRESSIVE;
				GCC_WARN_UNUSED_FUNCTION = YES;
				GCC_WARN_UNUSED_VARIABLE = YES;
				IPHONEOS_DEPLOYMENT_TARGET = 12.2;
				MTL_ENABLE_DEBUG_INFO = NO;
				MTL_FAST_MATH = YES;
				SDKROOT = iphoneos;
				VALIDATE_PRODUCT = YES;
			};
			name = Release;
		};
		71DAFE26230AA073007C68D6 /* Debug */ = {
			isa = XCBuildConfiguration;
			buildSettings = {
				ASSETCATALOG_COMPILER_APPICON_NAME = AppIcon;
				CODE_SIGN_STYLE = Automatic;
				DEVELOPMENT_TEAM = H39L4V6PS5;
				INFOPLIST_FILE = "Block截获变量/Info.plist";
				LD_RUNPATH_SEARCH_PATHS = (
					"$(inherited)",
					"@executable_path/Frameworks",
				);
				PRODUCT_BUNDLE_IDENTIFIER = "com.Block----";
				PRODUCT_NAME = "$(TARGET_NAME)";
				TARGETED_DEVICE_FAMILY = "1,2";
			};
			name = Debug;
		};
		71DAFE27230AA073007C68D6 /* Release */ = {
			isa = XCBuildConfiguration;
			buildSettings = {
				ASSETCATALOG_COMPILER_APPICON_NAME = AppIcon;
				CODE_SIGN_STYLE = Automatic;
				DEVELOPMENT_TEAM = H39L4V6PS5;
				INFOPLIST_FILE = "Block截获变量/Info.plist";
				LD_RUNPATH_SEARCH_PATHS = (
					"$(inherited)",
					"@executable_path/Frameworks",
				);
				PRODUCT_BUNDLE_IDENTIFIER = "com.Block----";
				PRODUCT_NAME = "$(TARGET_NAME)";
				TARGETED_DEVICE_FAMILY = "1,2";
			};
			name = Release;
		};
/* End XCBuildConfiguration section */

/* Begin XCConfigurationList section */
		71DAFE0A230AA071007C68D6 /* Build configuration list for PBXProject "Block截获变量" */ = {
			isa = XCConfigurationList;
			buildConfigurations = (
				71DAFE23230AA073007C68D6 /* Debug */,
				71DAFE24230AA073007C68D6 /* Release */,
			);
			defaultConfigurationIsVisible = 0;
			defaultConfigurationName = Release;
		};
		71DAFE25230AA073007C68D6 /* Build configuration list for PBXNativeTarget "Block截获变量" */ = {
			isa = XCConfigurationList;
			buildConfigurations = (
				71DAFE26230AA073007C68D6 /* Debug */,
				71DAFE27230AA073007C68D6 /* Release */,
			);
			defaultConfigurationIsVisible = 0;
			defaultConfigurationName = Release;
		};
/* End XCConfigurationList section */
	};
	rootObject = 71DAFE07230AA071007C68D6 /* Project object */;
}
